
Microsoft Visual Studio Solution File, Format Version 12.00
# Visual Studio Version 16
VisualStudioVersion = 16.0.31515.178
MinimumVisualStudioVersion = 10.0.40219.1
Project("{9A19103F-16F7-4668-BE54-9A1E7A4F7556}") = "Core", "Core\Core.csproj", "{6E8F1BAE-812E-4301-97A0-C8C50F6CE87F}"
EndProject
Project("{9A19103F-16F7-4668-BE54-9A1E7A4F7556}") = "Business", "Business\Business.csproj", "{4D4131A0-ACC3-4694-98B0-8C213394BF93}"
EndProject
Project("{9A19103F-16F7-4668-BE54-9A1E7A4F7556}") = "Entities", "Entities\Entities.csproj", "{07802B1D-704A-4F76-AFCE-36CBE248A9E9}"
EndProject
Project("{9A19103F-16F7-4668-BE54-9A1E7A4F7556}") = "DataAccess", "DataAccess\DataAccess.csproj", "{490A7DF2-5267-440C-B593-00401A035F97}"
EndProject
Project("{FAE04EC0-301F-11D3-BF4B-00C04F79EFBC}") = "ConsoleUI", "ConsoleApp2\ConsoleUI.csproj", "{66D25651-7075-4B7F-94F9-035C8770AA1A}"
EndProject
Global
	GlobalSection(SolutionConfigurationPlatforms) = preSolution
		Debug|Any CPU = Debug|Any CPU
		Release|Any CPU = Release|Any CPU
	EndGlobalSection
	GlobalSection(ProjectConfigurationPlatforms) = postSolution
		{6E8F1BAE-812E-4301-97A0-C8C50F6CE87F}.Debug|Any CPU.ActiveCfg = Debug|Any CPU
		{6E8F1BAE-812E-4301-97A0-C8C50F6CE87F}.Debug|Any CPU.Build.0 = Debug|Any CPU
		{6E8F1BAE-812E-4301-97A0-C8C50F6CE87F}.Release|Any CPU.ActiveCfg = Release|Any CPU
		{6E8F1BAE-812E-4301-97A0-C8C50F6CE87F}.Release|Any CPU.Build.0 = Release|Any CPU
		{4D4131A0-ACC3-4694-98B0-8C213394BF93}.Debug|Any CPU.ActiveCfg = Debug|Any CPU
		{4D4131A0-ACC3-4694-98B0-8C213394BF93}.Debug|Any CPU.Build.0 = Debug|Any CPU
		{4D4131A0-ACC3-4694-98B0-8C213394BF93}.Release|Any CPU.ActiveCfg = Release|Any CPU
		{4D4131A0-ACC3-4694-98B0-8C213394BF93}.Release|Any CPU.Build.0 = Release|Any CPU
		{07802B1D-704A-4F76-AFCE-36CBE248A9E9}.Debug|Any CPU.ActiveCfg = Debug|Any CPU
		{07802B1D-704A-4F76-AFCE-36CBE248A9E9}.Debug|Any CPU.Build.0 = Debug|Any CPU
		{07802B1D-704A-4F76-AFCE-36CBE248A9E9}.Release|Any CPU.ActiveCfg = Release|Any CPU
		{07802B1D-704A-4F76-AFCE-36CBE248A9E9}.Release|Any CPU.Build.0 = Release|Any CPU
		{490A7DF2-5267-440C-B593-00401A035F97}.Debug|Any CPU.ActiveCfg = Debug|Any CPU
		{490A7DF2-5267-440C-B593-00401A035F97}.Debug|Any CPU.Build.0 = Debug|Any CPU
		{490A7DF2-5267-440C-B593-00401A035F97}.Release|Any CPU.ActiveCfg = Release|Any CPU
		{490A7DF2-5267-440C-B593-00401A035F97}.Release|Any CPU.Build.0 = Release|Any CPU
		{66D25651-7075-4B7F-94F9-035C8770AA1A}.Debug|Any CPU.ActiveCfg = Debug|Any CPU
		{66D25651-7075-4B7F-94F9-035C8770AA1A}.Debug|Any CPU.Build.0 = Debug|Any CPU
		{66D25651-7075-4B7F-94F9-035C8770AA1A}.Release|Any CPU.ActiveCfg = Release|Any CPU
		{66D25651-7075-4B7F-94F9-035C8770AA1A}.Release|Any CPU.Build.0 = Release|Any CPU
	EndGlobalSection
	GlobalSection(SolutionProperties) = preSolution
		HideSolutionNode = FALSE
	EndGlobalSection
	GlobalSection(ExtensibilityGlobals) = postSolution
		SolutionGuid = {626EADA7-E8B7-4A7A-AB43-481DE4906239}
	EndGlobalSection
EndGlobal
